// !$*UTF8*$!
{
	archiveVersion = 1;
	classes = {
	};
	objectVersion = 56;
	objects = {

/* Begin PBXBuildFile section */
		0A9655FE297FE0B4001BACCC /* StandupsApp.swift in Sources */ = {isa = PBXBuildFile; fileRef = 0A9655FD297FE0B4001BACCC /* StandupsApp.swift */; };
		0A965600297FE0B4001BACCC /* ContentView.swift in Sources */ = {isa = PBXBuildFile; fileRef = 0A9655FF297FE0B4001BACCC /* ContentView.swift */; };
		0A965602297FE0B5001BACCC /* Assets.xcassets in Resources */ = {isa = PBXBuildFile; fileRef = 0A965601297FE0B5001BACCC /* Assets.xcassets */; };
		0A965606297FE0B5001BACCC /* Preview Assets.xcassets in Resources */ = {isa = PBXBuildFile; fileRef = 0A965605297FE0B5001BACCC /* Preview Assets.xcassets */; };
		0A965610297FE0B5001BACCC /* StandupsTests.swift in Sources */ = {isa = PBXBuildFile; fileRef = 0A96560F297FE0B5001BACCC /* StandupsTests.swift */; };
		0A96561A297FE0B5001BACCC /* StandupsUITests.swift in Sources */ = {isa = PBXBuildFile; fileRef = 0A965619297FE0B5001BACCC /* StandupsUITests.swift */; };
		0A96561C297FE0B5001BACCC /* StandupsUITestsLaunchTests.swift in Sources */ = {isa = PBXBuildFile; fileRef = 0A96561B297FE0B5001BACCC /* StandupsUITestsLaunchTests.swift */; };
/* End PBXBuildFile section */

/* Begin PBXContainerItemProxy section */
		0A96560C297FE0B5001BACCC /* PBXContainerItemProxy */ = {
			isa = PBXContainerItemProxy;
			containerPortal = 0A9655F2297FE0B4001BACCC /* Project object */;
			proxyType = 1;
			remoteGlobalIDString = 0A9655F9297FE0B4001BACCC;
			remoteInfo = Standups;
		};
		0A965616297FE0B5001BACCC /* PBXContainerItemProxy */ = {
			isa = PBXContainerItemProxy;
			containerPortal = 0A9655F2297FE0B4001BACCC /* Project object */;
			proxyType = 1;
			remoteGlobalIDString = 0A9655F9297FE0B4001BACCC;
			remoteInfo = Standups;
		};
/* End PBXContainerItemProxy section */

/* Begin PBXFileReference section */
		0A9655FA297FE0B4001BACCC /* Standups.app */ = {isa = PBXFileReference; explicitFileType = wrapper.application; includeInIndex = 0; path = Standups.app; sourceTree = BUILT_PRODUCTS_DIR; };
		0A9655FD297FE0B4001BACCC /* StandupsApp.swift */ = {isa = PBXFileReference; lastKnownFileType = sourcecode.swift; path = StandupsApp.swift; sourceTree = "<group>"; };
		0A9655FF297FE0B4001BACCC /* ContentView.swift */ = {isa = PBXFileReference; lastKnownFileType = sourcecode.swift; path = ContentView.swift; sourceTree = "<group>"; };
		0A965601297FE0B5001BACCC /* Assets.xcassets */ = {isa = PBXFileReference; lastKnownFileType = folder.assetcatalog; path = Assets.xcassets; sourceTree = "<group>"; };
		0A965603297FE0B5001BACCC /* Standups.entitlements */ = {isa = PBXFileReference; lastKnownFileType = text.plist.entitlements; path = Standups.entitlements; sourceTree = "<group>"; };
		0A965605297FE0B5001BACCC /* Preview Assets.xcassets */ = {isa = PBXFileReference; lastKnownFileType = folder.assetcatalog; path = "Preview Assets.xcassets"; sourceTree = "<group>"; };
		0A96560B297FE0B5001BACCC /* StandupsTests.xctest */ = {isa = PBXFileReference; explicitFileType = wrapper.cfbundle; includeInIndex = 0; path = StandupsTests.xctest; sourceTree = BUILT_PRODUCTS_DIR; };
		0A96560F297FE0B5001BACCC /* StandupsTests.swift */ = {isa = PBXFileReference; lastKnownFileType = sourcecode.swift; path = StandupsTests.swift; sourceTree = "<group>"; };
		0A965615297FE0B5001BACCC /* StandupsUITests.xctest */ = {isa = PBXFileReference; explicitFileType = wrapper.cfbundle; includeInIndex = 0; path = StandupsUITests.xctest; sourceTree = BUILT_PRODUCTS_DIR; };
		0A965619297FE0B5001BACCC /* StandupsUITests.swift */ = {isa = PBXFileReference; lastKnownFileType = sourcecode.swift; path = StandupsUITests.swift; sourceTree = "<group>"; };
		0A96561B297FE0B5001BACCC /* StandupsUITestsLaunchTests.swift */ = {isa = PBXFileReference; lastKnownFileType = sourcecode.swift; path = StandupsUITestsLaunchTests.swift; sourceTree = "<group>"; };
/* End PBXFileReference section */

/* Begin PBXFrameworksBuildPhase section */
		0A9655F7297FE0B4001BACCC /* Frameworks */ = {
			isa = PBXFrameworksBuildPhase;
			buildActionMask = 2147483647;
			files = (
			);
			runOnlyForDeploymentPostprocessing = 0;
		};
		0A965608297FE0B5001BACCC /* Frameworks */ = {
			isa = PBXFrameworksBuildPhase;
			buildActionMask = 2147483647;
			files = (
			);
			runOnlyForDeploymentPostprocessing = 0;
		};
		0A965612297FE0B5001BACCC /* Frameworks */ = {
			isa = PBXFrameworksBuildPhase;
			buildActionMask = 2147483647;
			files = (
			);
			runOnlyForDeploymentPostprocessing = 0;
		};
/* End PBXFrameworksBuildPhase section */

/* Begin PBXGroup section */
		0A9655F1297FE0B4001BACCC = {
			isa = PBXGroup;
			children = (
				0A9655FC297FE0B4001BACCC /* Standups */,
				0A96560E297FE0B5001BACCC /* StandupsTests */,
				0A965618297FE0B5001BACCC /* StandupsUITests */,
				0A9655FB297FE0B4001BACCC /* Products */,
			);
			sourceTree = "<group>";
		};
		0A9655FB297FE0B4001BACCC /* Products */ = {
			isa = PBXGroup;
			children = (
				0A9655FA297FE0B4001BACCC /* Standups.app */,
				0A96560B297FE0B5001BACCC /* StandupsTests.xctest */,
				0A965615297FE0B5001BACCC /* StandupsUITests.xctest */,
			);
			name = Products;
			sourceTree = "<group>";
		};
		0A9655FC297FE0B4001BACCC /* Standups */ = {
			isa = PBXGroup;
			children = (
				0A9655FD297FE0B4001BACCC /* StandupsApp.swift */,
				0A9655FF297FE0B4001BACCC /* ContentView.swift */,
				0A965601297FE0B5001BACCC /* Assets.xcassets */,
				0A965603297FE0B5001BACCC /* Standups.entitlements */,
				0A965604297FE0B5001BACCC /* Preview Content */,
			);
			path = Standups;
			sourceTree = "<group>";
		};
		0A965604297FE0B5001BACCC /* Preview Content */ = {
			isa = PBXGroup;
			children = (
				0A965605297FE0B5001BACCC /* Preview Assets.xcassets */,
			);
			path = "Preview Content";
			sourceTree = "<group>";
		};
		0A96560E297FE0B5001BACCC /* StandupsTests */ = {
			isa = PBXGroup;
			children = (
				0A96560F297FE0B5001BACCC /* StandupsTests.swift */,
			);
			path = StandupsTests;
			sourceTree = "<group>";
		};
		0A965618297FE0B5001BACCC /* StandupsUITests */ = {
			isa = PBXGroup;
			children = (
				0A965619297FE0B5001BACCC /* StandupsUITests.swift */,
				0A96561B297FE0B5001BACCC /* StandupsUITestsLaunchTests.swift */,
			);
			path = StandupsUITests;
			sourceTree = "<group>";
		};
/* End PBXGroup section */

/* Begin PBXNativeTarget section */
		0A9655F9297FE0B4001BACCC /* Standups */ = {
			isa = PBXNativeTarget;
			buildConfigurationList = 0A96561F297FE0B5001BACCC /* Build configuration list for PBXNativeTarget "Standups" */;
			buildPhases = (
				0A9655F6297FE0B4001BACCC /* Sources */,
				0A9655F7297FE0B4001BACCC /* Frameworks */,
				0A9655F8297FE0B4001BACCC /* Resources */,
			);
			buildRules = (
			);
			dependencies = (
			);
			name = Standups;
			productName = Standups;
			productReference = 0A9655FA297FE0B4001BACCC /* Standups.app */;
			productType = "com.apple.product-type.application";
		};
		0A96560A297FE0B5001BACCC /* StandupsTests */ = {
			isa = PBXNativeTarget;
			buildConfigurationList = 0A965622297FE0B5001BACCC /* Build configuration list for PBXNativeTarget "StandupsTests" */;
			buildPhases = (
				0A965607297FE0B5001BACCC /* Sources */,
				0A965608297FE0B5001BACCC /* Frameworks */,
				0A965609297FE0B5001BACCC /* Resources */,
			);
			buildRules = (
			);
			dependencies = (
				0A96560D297FE0B5001BACCC /* PBXTargetDependency */,
			);
			name = StandupsTests;
			productName = StandupsTests;
			productReference = 0A96560B297FE0B5001BACCC /* StandupsTests.xctest */;
			productType = "com.apple.product-type.bundle.unit-test";
		};
		0A965614297FE0B5001BACCC /* StandupsUITests */ = {
			isa = PBXNativeTarget;
			buildConfigurationList = 0A965625297FE0B5001BACCC /* Build configuration list for PBXNativeTarget "StandupsUITests" */;
			buildPhases = (
				0A965611297FE0B5001BACCC /* Sources */,
				0A965612297FE0B5001BACCC /* Frameworks */,
				0A965613297FE0B5001BACCC /* Resources */,
			);
			buildRules = (
			);
			dependencies = (
				0A965617297FE0B5001BACCC /* PBXTargetDependency */,
			);
			name = StandupsUITests;
			productName = StandupsUITests;
			productReference = 0A965615297FE0B5001BACCC /* StandupsUITests.xctest */;
			productType = "com.apple.product-type.bundle.ui-testing";
		};
/* End PBXNativeTarget section */

/* Begin PBXProject section */
		0A9655F2297FE0B4001BACCC /* Project object */ = {
			isa = PBXProject;
			attributes = {
				BuildIndependentTargetsInParallel = 1;
				LastSwiftUpdateCheck = 1420;
				LastUpgradeCheck = 1420;
				TargetAttributes = {
					0A9655F9297FE0B4001BACCC = {
						CreatedOnToolsVersion = 14.2;
					};
					0A96560A297FE0B5001BACCC = {
						CreatedOnToolsVersion = 14.2;
						TestTargetID = 0A9655F9297FE0B4001BACCC;
					};
					0A965614297FE0B5001BACCC = {
						CreatedOnToolsVersion = 14.2;
						TestTargetID = 0A9655F9297FE0B4001BACCC;
					};
				};
			};
			buildConfigurationList = 0A9655F5297FE0B4001BACCC /* Build configuration list for PBXProject "Standups" */;
			compatibilityVersion = "Xcode 14.0";
			developmentRegion = en;
			hasScannedForEncodings = 0;
			knownRegions = (
				en,
				Base,
			);
			mainGroup = 0A9655F1297FE0B4001BACCC;
			productRefGroup = 0A9655FB297FE0B4001BACCC /* Products */;
			projectDirPath = "";
			projectRoot = "";
			targets = (
				0A9655F9297FE0B4001BACCC /* Standups */,
				0A96560A297FE0B5001BACCC /* StandupsTests */,
				0A965614297FE0B5001BACCC /* StandupsUITests */,
			);
		};
/* End PBXProject section */

/* Begin PBXResourcesBuildPhase section */
		0A9655F8297FE0B4001BACCC /* Resources */ = {
			isa = PBXResourcesBuildPhase;
			buildActionMask = 2147483647;
			files = (
				0A965606297FE0B5001BACCC /* Preview Assets.xcassets in Resources */,
				0A965602297FE0B5001BACCC /* Assets.xcassets in Resources */,
			);
			runOnlyForDeploymentPostprocessing = 0;
		};
		0A965609297FE0B5001BACCC /* Resources */ = {
			isa = PBXResourcesBuildPhase;
			buildActionMask = 2147483647;
			files = (
			);
			runOnlyForDeploymentPostprocessing = 0;
		};
		0A965613297FE0B5001BACCC /* Resources */ = {
			isa = PBXResourcesBuildPhase;
			buildActionMask = 2147483647;
			files = (
			);
			runOnlyForDeploymentPostprocessing = 0;
		};
/* End PBXResourcesBuildPhase section */

/* Begin PBXSourcesBuildPhase section */
		0A9655F6297FE0B4001BACCC /* Sources */ = {
			isa = PBXSourcesBuildPhase;
			buildActionMask = 2147483647;
			files = (
				0A965600297FE0B4001BACCC /* ContentView.swift in Sources */,
				0A9655FE297FE0B4001BACCC /* StandupsApp.swift in Sources */,
			);
			runOnlyForDeploymentPostprocessing = 0;
		};
		0A965607297FE0B5001BACCC /* Sources */ = {
			isa = PBXSourcesBuildPhase;
			buildActionMask = 2147483647;
			files = (
				0A965610297FE0B5001BACCC /* StandupsTests.swift in Sources */,
			);
			runOnlyForDeploymentPostprocessing = 0;
		};
		0A965611297FE0B5001BACCC /* Sources */ = {
			isa = PBXSourcesBuildPhase;
			buildActionMask = 2147483647;
			files = (
				0A96561C297FE0B5001BACCC /* StandupsUITestsLaunchTests.swift in Sources */,
				0A96561A297FE0B5001BACCC /* StandupsUITests.swift in Sources */,
			);
			runOnlyForDeploymentPostprocessing = 0;
		};
/* End PBXSourcesBuildPhase section */

/* Begin PBXTargetDependency section */
		0A96560D297FE0B5001BACCC /* PBXTargetDependency */ = {
			isa = PBXTargetDependency;
			target = 0A9655F9297FE0B4001BACCC /* Standups */;
			targetProxy = 0A96560C297FE0B5001BACCC /* PBXContainerItemProxy */;
		};
		0A965617297FE0B5001BACCC /* PBXTargetDependency */ = {
			isa = PBXTargetDependency;
			target = 0A9655F9297FE0B4001BACCC /* Standups */;
			targetProxy = 0A965616297FE0B5001BACCC /* PBXContainerItemProxy */;
		};
/* End PBXTargetDependency section */

/* Begin XCBuildConfiguration section */
		0A96561D297FE0B5001BACCC /* Debug */ = {
			isa = XCBuildConfiguration;
			buildSettings = {
				ALWAYS_SEARCH_USER_PATHS = NO;
				CLANG_ANALYZER_NONNULL = YES;
				CLANG_ANALYZER_NUMBER_OBJECT_CONVERSION = YES_AGGRESSIVE;
				CLANG_CXX_LANGUAGE_STANDARD = "gnu++20";
				CLANG_ENABLE_MODULES = YES;
				CLANG_ENABLE_OBJC_ARC = YES;
				CLANG_ENABLE_OBJC_WEAK = YES;
				CLANG_WARN_BLOCK_CAPTURE_AUTORELEASING = YES;
				CLANG_WARN_BOOL_CONVERSION = YES;
				CLANG_WARN_COMMA = YES;
				CLANG_WARN_CONSTANT_CONVERSION = YES;
				CLANG_WARN_DEPRECATED_OBJC_IMPLEMENTATIONS = YES;
				CLANG_WARN_DIRECT_OBJC_ISA_USAGE = YES_ERROR;
				CLANG_WARN_DOCUMENTATION_COMMENTS = YES;
				CLANG_WARN_EMPTY_BODY = YES;
				CLANG_WARN_ENUM_CONVERSION = YES;
				CLANG_WARN_INFINITE_RECURSION = YES;
				CLANG_WARN_INT_CONVERSION = YES;
				CLANG_WARN_NON_LITERAL_NULL_CONVERSION = YES;
				CLANG_WARN_OBJC_IMPLICIT_RETAIN_SELF = YES;
				CLANG_WARN_OBJC_LITERAL_CONVERSION = YES;
				CLANG_WARN_OBJC_ROOT_CLASS = YES_ERROR;
				CLANG_WARN_QUOTED_INCLUDE_IN_FRAMEWORK_HEADER = YES;
				CLANG_WARN_RANGE_LOOP_ANALYSIS = YES;
				CLANG_WARN_STRICT_PROTOTYPES = YES;
				CLANG_WARN_SUSPICIOUS_MOVE = YES;
				CLANG_WARN_UNGUARDED_AVAILABILITY = YES_AGGRESSIVE;
				CLANG_WARN_UNREACHABLE_CODE = YES;
				CLANG_WARN__DUPLICATE_METHOD_MATCH = YES;
				COPY_PHASE_STRIP = NO;
				DEBUG_INFORMATION_FORMAT = dwarf;
				ENABLE_STRICT_OBJC_MSGSEND = YES;
				ENABLE_TESTABILITY = YES;
				GCC_C_LANGUAGE_STANDARD = gnu11;
				GCC_DYNAMIC_NO_PIC = NO;
				GCC_NO_COMMON_BLOCKS = YES;
				GCC_OPTIMIZATION_LEVEL = 0;
				GCC_PREPROCESSOR_DEFINITIONS = (
					"DEBUG=1",
					"$(inherited)",
				);
				GCC_WARN_64_TO_32_BIT_CONVERSION = YES;
				GCC_WARN_ABOUT_RETURN_TYPE = YES_ERROR;
				GCC_WARN_UNDECLARED_SELECTOR = YES;
				GCC_WARN_UNINITIALIZED_AUTOS = YES_AGGRESSIVE;
				GCC_WARN_UNUSED_FUNCTION = YES;
				GCC_WARN_UNUSED_VARIABLE = YES;
				MTL_ENABLE_DEBUG_INFO = INCLUDE_SOURCE;
				MTL_FAST_MATH = YES;
				ONLY_ACTIVE_ARCH = YES;
				SWIFT_ACTIVE_COMPILATION_CONDITIONS = DEBUG;
				SWIFT_OPTIMIZATION_LEVEL = "-Onone";
			};
			name = Debug;
		};
		0A96561E297FE0B5001BACCC /* Release */ = {
			isa = XCBuildConfiguration;
			buildSettings = {
				ALWAYS_SEARCH_USER_PATHS = NO;
				CLANG_ANALYZER_NONNULL = YES;
				CLANG_ANALYZER_NUMBER_OBJECT_CONVERSION = YES_AGGRESSIVE;
				CLANG_CXX_LANGUAGE_STANDARD = "gnu++20";
				CLANG_ENABLE_MODULES = YES;
				CLANG_ENABLE_OBJC_ARC = YES;
				CLANG_ENABLE_OBJC_WEAK = YES;
				CLANG_WARN_BLOCK_CAPTURE_AUTORELEASING = YES;
				CLANG_WARN_BOOL_CONVERSION = YES;
				CLANG_WARN_COMMA = YES;
				CLANG_WARN_CONSTANT_CONVERSION = YES;
				CLANG_WARN_DEPRECATED_OBJC_IMPLEMENTATIONS = YES;
				CLANG_WARN_DIRECT_OBJC_ISA_USAGE = YES_ERROR;
				CLANG_WARN_DOCUMENTATION_COMMENTS = YES;
				CLANG_WARN_EMPTY_BODY = YES;
				CLANG_WARN_ENUM_CONVERSION = YES;
				CLANG_WARN_INFINITE_RECURSION = YES;
				CLANG_WARN_INT_CONVERSION = YES;
				CLANG_WARN_NON_LITERAL_NULL_CONVERSION = YES;
				CLANG_WARN_OBJC_IMPLICIT_RETAIN_SELF = YES;
				CLANG_WARN_OBJC_LITERAL_CONVERSION = YES;
				CLANG_WARN_OBJC_ROOT_CLASS = YES_ERROR;
				CLANG_WARN_QUOTED_INCLUDE_IN_FRAMEWORK_HEADER = YES;
				CLANG_WARN_RANGE_LOOP_ANALYSIS = YES;
				CLANG_WARN_STRICT_PROTOTYPES = YES;
				CLANG_WARN_SUSPICIOUS_MOVE = YES;
				CLANG_WARN_UNGUARDED_AVAILABILITY = YES_AGGRESSIVE;
				CLANG_WARN_UNREACHABLE_CODE = YES;
				CLANG_WARN__DUPLICATE_METHOD_MATCH = YES;
				COPY_PHASE_STRIP = NO;
				DEBUG_INFORMATION_FORMAT = "dwarf-with-dsym";
				ENABLE_NS_ASSERTIONS = NO;
				ENABLE_STRICT_OBJC_MSGSEND = YES;
				GCC_C_LANGUAGE_STANDARD = gnu11;
				GCC_NO_COMMON_BLOCKS = YES;
				GCC_WARN_64_TO_32_BIT_CONVERSION = YES;
				GCC_WARN_ABOUT_RETURN_TYPE = YES_ERROR;
				GCC_WARN_UNDECLARED_SELECTOR = YES;
				GCC_WARN_UNINITIALIZED_AUTOS = YES_AGGRESSIVE;
				GCC_WARN_UNUSED_FUNCTION = YES;
				GCC_WARN_UNUSED_VARIABLE = YES;
				MTL_ENABLE_DEBUG_INFO = NO;
				MTL_FAST_MATH = YES;
				SWIFT_COMPILATION_MODE = wholemodule;
				SWIFT_OPTIMIZATION_LEVEL = "-O";
			};
			name = Release;
		};
		0A965620297FE0B5001BACCC /* Debug */ = {
			isa = XCBuildConfiguration;
			buildSettings = {
				ASSETCATALOG_COMPILER_APPICON_NAME = AppIcon;
				ASSETCATALOG_COMPILER_GLOBAL_ACCENT_COLOR_NAME = AccentColor;
				CODE_SIGN_ENTITLEMENTS = Standups/Standups.entitlements;
				CODE_SIGN_STYLE = Automatic;
				CURRENT_PROJECT_VERSION = 1;
				DEVELOPMENT_ASSET_PATHS = "\"Standups/Preview Content\"";
				DEVELOPMENT_TEAM = J8A5ZAM5GV;
				ENABLE_HARDENED_RUNTIME = YES;
				ENABLE_PREVIEWS = YES;
				GENERATE_INFOPLIST_FILE = YES;
				"INFOPLIST_KEY_UIApplicationSceneManifest_Generation[sdk=iphoneos*]" = YES;
				"INFOPLIST_KEY_UIApplicationSceneManifest_Generation[sdk=iphonesimulator*]" = YES;
				"INFOPLIST_KEY_UIApplicationSupportsIndirectInputEvents[sdk=iphoneos*]" = YES;
				"INFOPLIST_KEY_UIApplicationSupportsIndirectInputEvents[sdk=iphonesimulator*]" = YES;
				"INFOPLIST_KEY_UILaunchScreen_Generation[sdk=iphoneos*]" = YES;
				"INFOPLIST_KEY_UILaunchScreen_Generation[sdk=iphonesimulator*]" = YES;
				"INFOPLIST_KEY_UIStatusBarStyle[sdk=iphoneos*]" = UIStatusBarStyleDefault;
				"INFOPLIST_KEY_UIStatusBarStyle[sdk=iphonesimulator*]" = UIStatusBarStyleDefault;
				INFOPLIST_KEY_UISupportedInterfaceOrientations_iPad = "UIInterfaceOrientationPortrait UIInterfaceOrientationPortraitUpsideDown UIInterfaceOrientationLandscapeLeft UIInterfaceOrientationLandscapeRight";
				INFOPLIST_KEY_UISupportedInterfaceOrientations_iPhone = "UIInterfaceOrientationPortrait UIInterfaceOrientationLandscapeLeft UIInterfaceOrientationLandscapeRight";
				IPHONEOS_DEPLOYMENT_TARGET = 16.2;
				LD_RUNPATH_SEARCH_PATHS = "@executable_path/Frameworks";
				"LD_RUNPATH_SEARCH_PATHS[sdk=macosx*]" = "@executable_path/../Frameworks";
				MACOSX_DEPLOYMENT_TARGET = 13.1;
				MARKETING_VERSION = 1.0;
				PRODUCT_BUNDLE_IDENTIFIER = com.oluwatobiomotayo.Standups;
				PRODUCT_NAME = "$(TARGET_NAME)";
				SDKROOT = auto;
				SUPPORTED_PLATFORMS = "iphoneos iphonesimulator macosx";
				SWIFT_EMIT_LOC_STRINGS = YES;
				SWIFT_VERSION = 5.0;
				TARGETED_DEVICE_FAMILY = "1,2";
			};
			name = Debug;
		};
		0A965621297FE0B5001BACCC /* Release */ = {
			isa = XCBuildConfiguration;
			buildSettings = {
				ASSETCATALOG_COMPILER_APPICON_NAME = AppIcon;
				ASSETCATALOG_COMPILER_GLOBAL_ACCENT_COLOR_NAME = AccentColor;
				CODE_SIGN_ENTITLEMENTS = Standups/Standups.entitlements;
				CODE_SIGN_STYLE = Automatic;
				CURRENT_PROJECT_VERSION = 1;
				DEVELOPMENT_ASSET_PATHS = "\"Standups/Preview Content\"";
				DEVELOPMENT_TEAM = J8A5ZAM5GV;
				ENABLE_HARDENED_RUNTIME = YES;
				ENABLE_PREVIEWS = YES;
				GENERATE_INFOPLIST_FILE = YES;
				"INFOPLIST_KEY_UIApplicationSceneManifest_Generation[sdk=iphoneos*]" = YES;
				"INFOPLIST_KEY_UIApplicationSceneManifest_Generation[sdk=iphonesimulator*]" = YES;
				"INFOPLIST_KEY_UIApplicationSupportsIndirectInputEvents[sdk=iphoneos*]" = YES;
				"INFOPLIST_KEY_UIApplicationSupportsIndirectInputEvents[sdk=iphonesimulator*]" = YES;
				"INFOPLIST_KEY_UILaunchScreen_Generation[sdk=iphoneos*]" = YES;
				"INFOPLIST_KEY_UILaunchScreen_Generation[sdk=iphonesimulator*]" = YES;
				"INFOPLIST_KEY_UIStatusBarStyle[sdk=iphoneos*]" = UIStatusBarStyleDefault;
				"INFOPLIST_KEY_UIStatusBarStyle[sdk=iphonesimulator*]" = UIStatusBarStyleDefault;
				INFOPLIST_KEY_UISupportedInterfaceOrientations_iPad = "UIInterfaceOrientationPortrait UIInterfaceOrientationPortraitUpsideDown UIInterfaceOrientationLandscapeLeft UIInterfaceOrientationLandscapeRight";
				INFOPLIST_KEY_UISupportedInterfaceOrientations_iPhone = "UIInterfaceOrientationPortrait UIInterfaceOrientationLandscapeLeft UIInterfaceOrientationLandscapeRight";
				IPHONEOS_DEPLOYMENT_TARGET = 16.2;
				LD_RUNPATH_SEARCH_PATHS = "@executable_path/Frameworks";
				"LD_RUNPATH_SEARCH_PATHS[sdk=macosx*]" = "@executable_path/../Frameworks";
				MACOSX_DEPLOYMENT_TARGET = 13.1;
				MARKETING_VERSION = 1.0;
				PRODUCT_BUNDLE_IDENTIFIER = com.oluwatobiomotayo.Standups;
				PRODUCT_NAME = "$(TARGET_NAME)";
				SDKROOT = auto;
				SUPPORTED_PLATFORMS = "iphoneos iphonesimulator macosx";
				SWIFT_EMIT_LOC_STRINGS = YES;
				SWIFT_VERSION = 5.0;
				TARGETED_DEVICE_FAMILY = "1,2";
			};
			name = Release;
		};
		0A965623297FE0B5001BACCC /* Debug */ = {
			isa = XCBuildConfiguration;
			buildSettings = {
				ALWAYS_EMBED_SWIFT_STANDARD_LIBRARIES = YES;
				BUNDLE_LOADER = "$(TEST_HOST)";
				CODE_SIGN_STYLE = Automatic;
				CURRENT_PROJECT_VERSION = 1;
				DEVELOPMENT_TEAM = J8A5ZAM5GV;
				GENERATE_INFOPLIST_FILE = YES;
				IPHONEOS_DEPLOYMENT_TARGET = 16.2;
				MACOSX_DEPLOYMENT_TARGET = 13.1;
				MARKETING_VERSION = 1.0;
				PRODUCT_BUNDLE_IDENTIFIER = com.oluwatobiomotayo.StandupsTests;
				PRODUCT_NAME = "$(TARGET_NAME)";
				SDKROOT = auto;
				SUPPORTED_PLATFORMS = "iphoneos iphonesimulator macosx";
				SWIFT_EMIT_LOC_STRINGS = NO;
				SWIFT_VERSION = 5.0;
				TARGETED_DEVICE_FAMILY = "1,2";
				TEST_HOST = "$(BUILT_PRODUCTS_DIR)/Standups.app/$(BUNDLE_EXECUTABLE_FOLDER_PATH)/Standups";
			};
			name = Debug;
		};
		0A965624297FE0B5001BACCC /* Release */ = {
			isa = XCBuildConfiguration;
			buildSettings = {
				ALWAYS_EMBED_SWIFT_STANDARD_LIBRARIES = YES;
				BUNDLE_LOADER = "$(TEST_HOST)";
				CODE_SIGN_STYLE = Automatic;
				CURRENT_PROJECT_VERSION = 1;
				DEVELOPMENT_TEAM = J8A5ZAM5GV;
				GENERATE_INFOPLIST_FILE = YES;
				IPHONEOS_DEPLOYMENT_TARGET = 16.2;
				MACOSX_DEPLOYMENT_TARGET = 13.1;
				MARKETING_VERSION = 1.0;
				PRODUCT_BUNDLE_IDENTIFIER = com.oluwatobiomotayo.StandupsTests;
				PRODUCT_NAME = "$(TARGET_NAME)";
				SDKROOT = auto;
				SUPPORTED_PLATFORMS = "iphoneos iphonesimulator macosx";
				SWIFT_EMIT_LOC_STRINGS = NO;
				SWIFT_VERSION = 5.0;
				TARGETED_DEVICE_FAMILY = "1,2";
				TEST_HOST = "$(BUILT_PRODUCTS_DIR)/Standups.app/$(BUNDLE_EXECUTABLE_FOLDER_PATH)/Standups";
			};
			name = Release;
		};
		0A965626297FE0B5001BACCC /* Debug */ = {
			isa = XCBuildConfiguration;
			buildSettings = {
				ALWAYS_EMBED_SWIFT_STANDARD_LIBRARIES = YES;
				CODE_SIGN_STYLE = Automatic;
				CURRENT_PROJECT_VERSION = 1;
				DEVELOPMENT_TEAM = J8A5ZAM5GV;
				GENERATE_INFOPLIST_FILE = YES;
				IPHONEOS_DEPLOYMENT_TARGET = 16.2;
				MACOSX_DEPLOYMENT_TARGET = 13.1;
				MARKETING_VERSION = 1.0;
				PRODUCT_BUNDLE_IDENTIFIER = com.oluwatobiomotayo.StandupsUITests;
				PRODUCT_NAME = "$(TARGET_NAME)";
				SDKROOT = auto;
				SUPPORTED_PLATFORMS = "iphoneos iphonesimulator macosx";
				SWIFT_EMIT_LOC_STRINGS = NO;
				SWIFT_VERSION = 5.0;
				TARGETED_DEVICE_FAMILY = "1,2";
				TEST_TARGET_NAME = Standups;
			};
			name = Debug;
		};
		0A965627297FE0B5001BACCC /* Release */ = {
			isa = XCBuildConfiguration;
			buildSettings = {
				ALWAYS_EMBED_SWIFT_STANDARD_LIBRARIES = YES;
				CODE_SIGN_STYLE = Automatic;
				CURRENT_PROJECT_VERSION = 1;
				DEVELOPMENT_TEAM = J8A5ZAM5GV;
				GENERATE_INFOPLIST_FILE = YES;
				IPHONEOS_DEPLOYMENT_TARGET = 16.2;
				MACOSX_DEPLOYMENT_TARGET = 13.1;
				MARKETING_VERSION = 1.0;
				PRODUCT_BUNDLE_IDENTIFIER = com.oluwatobiomotayo.StandupsUITests;
				PRODUCT_NAME = "$(TARGET_NAME)";
				SDKROOT = auto;
				SUPPORTED_PLATFORMS = "iphoneos iphonesimulator macosx";
				SWIFT_EMIT_LOC_STRINGS = NO;
				SWIFT_VERSION = 5.0;
				TARGETED_DEVICE_FAMILY = "1,2";
				TEST_TARGET_NAME = Standups;
			};
			name = Release;
		};
/* End XCBuildConfiguration section */

/* Begin XCConfigurationList section */
		0A9655F5297FE0B4001BACCC /* Build configuration list for PBXProject "Standups" */ = {
			isa = XCConfigurationList;
			buildConfigurations = (
				0A96561D297FE0B5001BACCC /* Debug */,
				0A96561E297FE0B5001BACCC /* Release */,
			);
			defaultConfigurationIsVisible = 0;
			defaultConfigurationName = Release;
		};
		0A96561F297FE0B5001BACCC /* Build configuration list for PBXNativeTarget "Standups" */ = {
			isa = XCConfigurationList;
			buildConfigurations = (
				0A965620297FE0B5001BACCC /* Debug */,
				0A965621297FE0B5001BACCC /* Release */,
			);
			defaultConfigurationIsVisible = 0;
			defaultConfigurationName = Release;
		};
		0A965622297FE0B5001BACCC /* Build configuration list for PBXNativeTarget "StandupsTests" */ = {
			isa = XCConfigurationList;
			buildConfigurations = (
				0A965623297FE0B5001BACCC /* Debug */,
				0A965624297FE0B5001BACCC /* Release */,
			);
			defaultConfigurationIsVisible = 0;
			defaultConfigurationName = Release;
		};
		0A965625297FE0B5001BACCC /* Build configuration list for PBXNativeTarget "StandupsUITests" */ = {
			isa = XCConfigurationList;
			buildConfigurations = (
				0A965626297FE0B5001BACCC /* Debug */,
				0A965627297FE0B5001BACCC /* Release */,
			);
			defaultConfigurationIsVisible = 0;
			defaultConfigurationName = Release;
		};
/* End XCConfigurationList section */
	};
	rootObject = 0A9655F2297FE0B4001BACCC /* Project object */;
}
